
Microsoft Visual Studio Solution File, Format Version 12.00
# Visual Studio Version 17
VisualStudioVersion = 17.0.31903.59
MinimumVisualStudioVersion = 10.0.40219.1
Project("{9A19103F-16F7-4668-BE54-9A1E7A4F7556}") = "API", "API\API.csproj", "{CD0E4534-25C2-403A-AC15-EC5EBFF88501}"
EndProject
Global
	GlobalSection(SolutionConfigurationPlatforms) = preSolution
		Debug|Any CPU = Debug|Any CPU
		Release|Any CPU = Release|Any CPU
	EndGlobalSection
	GlobalSection(ProjectConfigurationPlatforms) = postSolution
		{CD0E4534-25C2-403A-AC15-EC5EBFF88501}.Debug|Any CPU.ActiveCfg = Debug|Any CPU
		{CD0E4534-25C2-403A-AC15-EC5EBFF88501}.Debug|Any CPU.Build.0 = Debug|Any CPU
		{CD0E4534-25C2-403A-AC15-EC5EBFF88501}.Release|Any CPU.ActiveCfg = Release|Any CPU
		{CD0E4534-25C2-403A-AC15-EC5EBFF88501}.Release|Any CPU.Build.0 = Release|Any CPU
	EndGlobalSection
	GlobalSection(SolutionProperties) = preSolution
		HideSolutionNode = FALSE
	EndGlobalSection
	GlobalSection(ExtensibilityGlobals) = postSolution
		SolutionGuid = {BD8FED10-C393-40D6-8631-12C2CF197383}
	EndGlobalSection
EndGlobal
